
Microsoft Visual Studio Solution File, Format Version 12.00
# Visual Studio Version 16
VisualStudioVersion = 16.0.31613.86
MinimumVisualStudioVersion = 10.0.40219.1
Project("{9A19103F-16F7-4668-BE54-9A1E7A4F7556}") = "Trabajo_P1", "Problema1\Trabajo_P1.csproj", "{3065558B-0DB5-4EFE-93A3-84DE20AF87AB}"
EndProject
Global
	GlobalSection(SolutionConfigurationPlatforms) = preSolution
		Debug|Any CPU = Debug|Any CPU
		Release|Any CPU = Release|Any CPU
	EndGlobalSection
	GlobalSection(ProjectConfigurationPlatforms) = postSolution
		{3065558B-0DB5-4EFE-93A3-84DE20AF87AB}.Debug|Any CPU.ActiveCfg = Debug|Any CPU
		{3065558B-0DB5-4EFE-93A3-84DE20AF87AB}.Debug|Any CPU.Build.0 = Debug|Any CPU
		{3065558B-0DB5-4EFE-93A3-84DE20AF87AB}.Release|Any CPU.ActiveCfg = Release|Any CPU
		{3065558B-0DB5-4EFE-93A3-84DE20AF87AB}.Release|Any CPU.Build.0 = Release|Any CPU
	EndGlobalSection
	GlobalSection(SolutionProperties) = preSolution
		HideSolutionNode = FALSE
	EndGlobalSection
	GlobalSection(ExtensibilityGlobals) = postSolution
		SolutionGuid = {CBE0D4D0-0306-4B82-BDAB-8C0FF5422991}
	EndGlobalSection
EndGlobal
